
Microsoft Visual Studio Solution File, Format Version 12.00
# Visual Studio Version 16
VisualStudioVersion = 16.0.36422.26
MinimumVisualStudioVersion = 10.0.40219.1
Project("{FAE04EC0-301F-11D3-BF4B-00C04F79EFBC}") = "PI_31_2_Krylov_TestAI", "PI_31_2_Krylov_TestAI\PI_31_2_Krylov_TestAI.csproj", "{7F6533B8-81F9-4A5C-92B5-2516AE80FAB7}"
EndProject
Global
	GlobalSection(SolutionConfigurationPlatforms) = preSolution
		Debug|Any CPU = Debug|Any CPU
		Release|Any CPU = Release|Any CPU
	EndGlobalSection
	GlobalSection(ProjectConfigurationPlatforms) = postSolution
		{7F6533B8-81F9-4A5C-92B5-2516AE80FAB7}.Debug|Any CPU.ActiveCfg = Debug|Any CPU
		{7F6533B8-81F9-4A5C-92B5-2516AE80FAB7}.Debug|Any CPU.Build.0 = Debug|Any CPU
		{7F6533B8-81F9-4A5C-92B5-2516AE80FAB7}.Release|Any CPU.ActiveCfg = Release|Any CPU
		{7F6533B8-81F9-4A5C-92B5-2516AE80FAB7}.Release|Any CPU.Build.0 = Release|Any CPU
	EndGlobalSection
	GlobalSection(SolutionProperties) = preSolution
		HideSolutionNode = FALSE
	EndGlobalSection
	GlobalSection(ExtensibilityGlobals) = postSolution
		SolutionGuid = {2748FFD4-D814-45AE-9901-E1B1B124B07B}
	EndGlobalSection
EndGlobal
